
Microsoft Visual Studio Solution File, Format Version 12.00
# Visual Studio Version 17
VisualStudioVersion = 17.2.32526.322
MinimumVisualStudioVersion = 10.0.40219.1
Project("{FAE04EC0-301F-11D3-BF4B-00C04F79EFBC}") = "PullTheTrigger", "PullTheTrigger\PullTheTrigger.csproj", "{C2093D08-6439-4A31-9395-98FDDF9FA9CC}"
EndProject
Global
	GlobalSection(SolutionConfigurationPlatforms) = preSolution
		Debug|Any CPU = Debug|Any CPU
		Release|Any CPU = Release|Any CPU
	EndGlobalSection
	GlobalSection(ProjectConfigurationPlatforms) = postSolution
		{C2093D08-6439-4A31-9395-98FDDF9FA9CC}.Debug|Any CPU.ActiveCfg = Debug|Any CPU
		{C2093D08-6439-4A31-9395-98FDDF9FA9CC}.Debug|Any CPU.Build.0 = Debug|Any CPU
		{C2093D08-6439-4A31-9395-98FDDF9FA9CC}.Release|Any CPU.ActiveCfg = Release|Any CPU
		{C2093D08-6439-4A31-9395-98FDDF9FA9CC}.Release|Any CPU.Build.0 = Release|Any CPU
	EndGlobalSection
	GlobalSection(SolutionProperties) = preSolution
		HideSolutionNode = FALSE
	EndGlobalSection
	GlobalSection(ExtensibilityGlobals) = postSolution
		SolutionGuid = {6C5F23D5-AC02-47F8-AE4F-648E63326445}
	EndGlobalSection
EndGlobal
